{
  "projects": [
    {
      "projectId": "28Ba3BDvRe7EiWdfFNnLB6",
      "version": "2.13.0",
      "dependencies": {},
      "lang": "ts",
      "fileLocks": [
        {
          "assetId": "28Ba3BDvRe7EiWdfFNnLB6",
          "type": "projectCss",
          "checksum": "740650b05472db4e42801b334405144a"
        }
      ],
      "codegenVersion": "0.0.1"
    },
    {
      "projectId": "caTPwKxj5ZrD9LQ7DMdK4Z",
      "version": "3.13.0",
      "dependencies": {},
      "lang": "ts",
      "fileLocks": [
        {
          "assetId": "caTPwKxj5ZrD9LQ7DMdK4Z",
          "type": "projectCss",
          "checksum": "3f861d9934733b06ddcc0158487615ce"
        }
      ],
      "codegenVersion": "0.0.1"
    },
    {
      "projectId": "7nJ7UcFmq9UzB6eXfC5z4a",
      "version": "0.10.0",
      "dependencies": {},
      "lang": "ts",
      "fileLocks": [
        {
          "assetId": "7nJ7UcFmq9UzB6eXfC5z4a",
          "type": "projectCss",
          "checksum": "8cf9dfd353bbaf2b2583e7046e8136fb"
        }
      ],
      "codegenVersion": "0.0.1"
    },
    {
      "projectId": "kmmGrmCVRJPgZ5NNJMDQ4v",
      "version": "0.10.0",
      "dependencies": {},
      "lang": "ts",
      "fileLocks": [
        {
          "assetId": "kmmGrmCVRJPgZ5NNJMDQ4v",
          "type": "projectCss",
          "checksum": "dd7de7af23dae5f9bf9adf08c16dae86"
        },
        {
          "assetId": "kmmGrmCVRJPgZ5NNJMDQ4v",
          "checksum": "381f8839221b8bab19ed842367029b0e",
          "type": "globalContexts"
        }
      ],
      "codegenVersion": "0.0.1"
    },
    {
      "projectId": "hjKYmYi6HMwK6TRyk7ew5R",
      "version": "6.12.0",
      "dependencies": {},
      "lang": "ts",
      "fileLocks": [
        {
          "assetId": "hjKYmYi6HMwK6TRyk7ew5R",
          "type": "projectCss",
          "checksum": "e2a20cff976d3b9fabfeecba32540b91"
        },
        {
          "assetId": "hjKYmYi6HMwK6TRyk7ew5R",
          "checksum": "090afba908f762c0bd0061c3d5d62529",
          "type": "globalContexts"
        }
      ],
      "codegenVersion": "0.0.1"
    },
    {
      "projectId": "YUiM7yqBWAqsh8KSnrdj7",
      "version": "0.11.0",
      "dependencies": {},
      "lang": "ts",
      "fileLocks": [
        {
          "assetId": "YUiM7yqBWAqsh8KSnrdj7",
          "type": "projectCss",
          "checksum": "6be9dbec891937cda3b59d2fd3c44796"
        }
      ],
      "codegenVersion": "0.0.1"
    },
    {
      "projectId": "ewmXQJz5QcseZaj8LdYn4d",
      "version": "latest",
      "dependencies": {
        "YUiM7yqBWAqsh8KSnrdj7": "0.11.0",
        "hjKYmYi6HMwK6TRyk7ew5R": "6.12.0",
        "kmmGrmCVRJPgZ5NNJMDQ4v": "0.10.0",
        "7nJ7UcFmq9UzB6eXfC5z4a": "0.10.0",
        "caTPwKxj5ZrD9LQ7DMdK4Z": "3.13.0",
        "28Ba3BDvRe7EiWdfFNnLB6": "2.13.0"
      },
      "lang": "ts",
      "fileLocks": [
        {
          "type": "globalVariant",
          "assetId": "Pm7PAVxsIGwRo0",
          "checksum": "77f2e002eaf60a772bf4ec9ca67294d4"
        },
        {
          "assetId": "ewmXQJz5QcseZaj8LdYn4d",
          "checksum": "d068db9d60c25cb9ed041c9c595a2bfb",
          "type": "globalContexts"
        },
        {
          "type": "renderModule",
          "assetId": "a7t_FgmCzIKas",
          "checksum": "28fda7b1c427f771081dbe5f2a5f049e"
        },
        {
          "type": "cssRules",
          "assetId": "a7t_FgmCzIKas",
          "checksum": "28fda7b1c427f771081dbe5f2a5f049e"
        },
        {
          "type": "renderModule",
          "assetId": "XKQU5RAFNrBII",
          "checksum": "b46cfc5e7323b076d2e0b9222c8b6d18"
        },
        {
          "type": "cssRules",
          "assetId": "XKQU5RAFNrBII",
          "checksum": "b46cfc5e7323b076d2e0b9222c8b6d18"
        },
        {
          "type": "renderModule",
          "assetId": "_r9ACswyM-IvB",
          "checksum": "ec16f8e28df47ade598fea57ade3f215"
        },
        {
          "type": "cssRules",
          "assetId": "_r9ACswyM-IvB",
          "checksum": "ec16f8e28df47ade598fea57ade3f215"
        },
        {
          "type": "renderModule",
          "assetId": "ZR-WtrdzK7mrtW",
          "checksum": "b1228ee73e803e4a2776c082261001d0"
        },
        {
          "type": "cssRules",
          "assetId": "ZR-WtrdzK7mrtW",
          "checksum": "b1228ee73e803e4a2776c082261001d0"
        },
        {
          "type": "renderModule",
          "assetId": "UM6_riS_RweTc1",
          "checksum": "9c6026b9f00ec2f90e01204bed0a932a"
        },
        {
          "type": "cssRules",
          "assetId": "UM6_riS_RweTc1",
          "checksum": "9c6026b9f00ec2f90e01204bed0a932a"
        },
        {
          "type": "renderModule",
          "assetId": "Dvyy6v_EvfP7nF",
          "checksum": "df0273e63aebefddc676dfdf7aeb72ea"
        },
        {
          "type": "cssRules",
          "assetId": "Dvyy6v_EvfP7nF",
          "checksum": "df0273e63aebefddc676dfdf7aeb72ea"
        },
        {
          "type": "renderModule",
          "assetId": "ZbCC5El-X8FM6e",
          "checksum": "977dbb9cdfc52b4cedc8fa4b6e2993df"
        },
        {
          "type": "cssRules",
          "assetId": "ZbCC5El-X8FM6e",
          "checksum": "977dbb9cdfc52b4cedc8fa4b6e2993df"
        },
        {
          "type": "renderModule",
          "assetId": "3LRPB28tBZ9KF6",
          "checksum": "30ad349dda6285f578f1b2e8ea4edcef"
        },
        {
          "type": "cssRules",
          "assetId": "3LRPB28tBZ9KF6",
          "checksum": "30ad349dda6285f578f1b2e8ea4edcef"
        },
        {
          "type": "renderModule",
          "assetId": "fmB6r6QNuXzbfE",
          "checksum": "c6678208316ed4e618ec28a975b5cf6f"
        },
        {
          "type": "cssRules",
          "assetId": "fmB6r6QNuXzbfE",
          "checksum": "c6678208316ed4e618ec28a975b5cf6f"
        },
        {
          "type": "renderModule",
          "assetId": "Hfcv71zWsenA5Y",
          "checksum": "f530f0c1338be7b1c369ddaf901a374c"
        },
        {
          "type": "cssRules",
          "assetId": "Hfcv71zWsenA5Y",
          "checksum": "f530f0c1338be7b1c369ddaf901a374c"
        },
        {
          "type": "renderModule",
          "assetId": "wDAxQ3P_8XuXyq",
          "checksum": "94cdad004aa6e2cb25a0305f66372bb4"
        },
        {
          "type": "cssRules",
          "assetId": "wDAxQ3P_8XuXyq",
          "checksum": "94cdad004aa6e2cb25a0305f66372bb4"
        },
        {
          "type": "renderModule",
          "assetId": "lYB7UdKosV5ydd",
          "checksum": "6bc65e7776ff15d47c97b5973e8d579e"
        },
        {
          "type": "cssRules",
          "assetId": "lYB7UdKosV5ydd",
          "checksum": "6bc65e7776ff15d47c97b5973e8d579e"
        },
        {
          "type": "renderModule",
          "assetId": "p006x18VMOjaEw",
          "checksum": "117fb60a13a34efc6862feb1bd79bbf6"
        },
        {
          "type": "cssRules",
          "assetId": "p006x18VMOjaEw",
          "checksum": "117fb60a13a34efc6862feb1bd79bbf6"
        },
        {
          "type": "icon",
          "assetId": "vO_TNensXwgSH-",
          "checksum": "9f4bf9e17b70d26473731c2b55b9875f"
        },
        {
          "type": "icon",
          "assetId": "cBvFgySB2fOZhj",
          "checksum": "33a3006e444ab22ada1a33e0325efaae"
        },
        {
          "type": "icon",
          "assetId": "NVnhWG3sVzISIX",
          "checksum": "0d62bfbdae12c66aecd396cb90be92a5"
        },
        {
          "type": "icon",
          "assetId": "wJEPyKwHJ-j56S",
          "checksum": "53784da811f9f564358bb0e455d0f2cd"
        },
        {
          "type": "icon",
          "assetId": "6akIiCsmFFqGO0",
          "checksum": "59f685a09b02b1e69362cae8da196f45"
        },
        {
          "type": "icon",
          "assetId": "_n3Vv9obVLQZ7N",
          "checksum": "cf349ba6e33de26dfc628c9fc192d73f"
        },
        {
          "type": "icon",
          "assetId": "zkyzsRbsq8_Sem",
          "checksum": "ad9114dc8f15b0f9f0ab7d17674aff85"
        },
        {
          "type": "icon",
          "assetId": "ULH4JZnpbE0Lps",
          "checksum": "11b922bf6bd44c4d111f9623f1a9cb6d"
        },
        {
          "type": "icon",
          "assetId": "YEKrU__0whyrXG",
          "checksum": "28e8d7644efcca24a15cd782e2ba3f72"
        },
        {
          "type": "icon",
          "assetId": "4StpfuExEu3E3Y",
          "checksum": "acd73019aee356239779cccb348330b3"
        },
        {
          "type": "icon",
          "assetId": "FxWqqeKd9g7PFj",
          "checksum": "f4820c25235eeb1dd1666713acf6ad51"
        },
        {
          "type": "image",
          "assetId": "XcWCgFicL8EmGY",
          "checksum": "a399124bbb79c92c1127202719fad75b"
        },
        {
          "type": "image",
          "assetId": "LdWtAwU05o1NSn",
          "checksum": "f3898be134700c0bd17ffce232714dcf"
        },
        {
          "type": "image",
          "assetId": "Z2_apCf1da1iCE",
          "checksum": "0f301cb1dbb645a057094c11420650df"
        },
        {
          "type": "image",
          "assetId": "voq-W3TMYwIsdC",
          "checksum": "c41b80e1b3bfacf72e3b987e65c0d7ec"
        },
        {
          "type": "image",
          "assetId": "0DAm8MzhFXbIEL",
          "checksum": "08819ea6d921bf9761d4afc1460583aa"
        },
        {
          "type": "image",
          "assetId": "vX3Qd9AxgE4HHZ",
          "checksum": "4764b397c3a8665ce75f40e214a78a1e"
        },
        {
          "type": "image",
          "assetId": "HsOL8m3EAovqQM",
          "checksum": "ac8a145d4a7cc452fd9d6eb4ecac9b99"
        },
        {
          "type": "image",
          "assetId": "zLwKZYaja4cm39",
          "checksum": "e9955133783da309b8cc1abbf5385e07"
        },
        {
          "type": "image",
          "assetId": "mpoByVocikfiUi",
          "checksum": "4d26a244f9081e889fdc79852ab5440e"
        },
        {
          "type": "image",
          "assetId": "2ILwHYqSQIWBjf",
          "checksum": "7dbba12b5cc4e2b308c99dc349b0df9e"
        },
        {
          "type": "image",
          "assetId": "VQBbx0Ut30KRfK",
          "checksum": "37f5c098e49e1b2a07ecc9bf077b0286"
        },
        {
          "type": "image",
          "assetId": "om2jdDWhYbrAsP",
          "checksum": "42a3fb47784ca5b9733888bb6d1bd872"
        },
        {
          "type": "image",
          "assetId": "ia_2Je8-wQgT3B",
          "checksum": "68931b8a5c05bd3f9a16bb8ca43c83d1"
        },
        {
          "type": "image",
          "assetId": "Gd9fv_vbVFxyFa",
          "checksum": "241a3f7aafeaf49e81200904b9c5158a"
        },
        {
          "type": "image",
          "assetId": "OZ_jguqx7BGP-g",
          "checksum": "7d1aa312ac180861e318134da0868272"
        },
        {
          "type": "image",
          "assetId": "iiSKCuxYK8qLgM",
          "checksum": "1b436d8c4af32d4a2ba2dee713ef0d24"
        },
        {
          "type": "image",
          "assetId": "GAcCu95YzWEOGB",
          "checksum": "ddbd069969be82af5656bf43cb4aadba"
        },
        {
          "type": "image",
          "assetId": "Ay6MyJj8T_USp3",
          "checksum": "9febb1e265810b5ee00eab6832246ba4"
        },
        {
          "type": "image",
          "assetId": "nsQ6Yu_Js172uH",
          "checksum": "23bf02cf71e4bb3a07edabff99f5b2eb"
        },
        {
          "type": "image",
          "assetId": "xLnR3EjSWa9tpZ",
          "checksum": "327fdfd005c312a035f4cef2f50ee310"
        },
        {
          "type": "image",
          "assetId": "DmZqjm3JlUN0gH",
          "checksum": "af82ce3bcce80d720077c3af6085109d"
        },
        {
          "type": "image",
          "assetId": "-1EyrT4S__w2ce",
          "checksum": "4b9761ff96fcd1a43ebeba5ecc60c05a"
        },
        {
          "type": "image",
          "assetId": "eJYhcJH-Xcqilq",
          "checksum": "52b1323110ddf6fff984448b3e148c85"
        },
        {
          "type": "image",
          "assetId": "BYYJQJo7kAJ5G2",
          "checksum": "1dd5a20b8f7143949f667a5a74cdc7ab"
        },
        {
          "type": "image",
          "assetId": "N_Gy2ebF2QYL6-",
          "checksum": "3e05ecad4f3459230c917fcaa780fd28"
        },
        {
          "type": "image",
          "assetId": "W8UNhujaHzq9m0",
          "checksum": "58bdb14ad6531b9fa0c8097f03feea2a"
        },
        {
          "type": "image",
          "assetId": "6deoQpHWgHYWqn",
          "checksum": "c1a7e7e8e1bb2a5479a2a1d626857fc1"
        },
        {
          "type": "image",
          "assetId": "sXMx_c4vbW7pQ0",
          "checksum": "234188d420976f42289cbb0fd5f3de9e"
        },
        {
          "type": "image",
          "assetId": "WDooQano5vbe1k",
          "checksum": "cb715c773eab43031a9f436703ed3253"
        },
        {
          "type": "image",
          "assetId": "_OQJasSVOaUH3A",
          "checksum": "3d59c881baf50505918da0901a5e1943"
        },
        {
          "type": "image",
          "assetId": "2PyIzPNQZi_YPp",
          "checksum": "b0b41e61e016a660ee93d660b78d4356"
        },
        {
          "type": "image",
          "assetId": "fd6sb8CAfUr3Uc",
          "checksum": "12b49c185c7853c3a0710a579e45dacf"
        },
        {
          "type": "image",
          "assetId": "p1A1uNWvITFXQr",
          "checksum": "61d6958671dc343ed156ad8c4cf6dfc5"
        },
        {
          "type": "image",
          "assetId": "EyR5dfUCJtDhpY",
          "checksum": "36fd29a3a01bc79f82197d6eb2b7aca1"
        },
        {
          "type": "image",
          "assetId": "T07tEyAY9Juffu",
          "checksum": "0655f0517914b762794456043a677f23"
        },
        {
          "type": "image",
          "assetId": "-JrIZ7MeplcyP2",
          "checksum": "d3545f4d2641f3bddd57a7944ce8ee1b"
        },
        {
          "type": "image",
          "assetId": "khMkRWZ4DIZor9",
          "checksum": "a16fc4dcfcea225cc87af971fb6dddec"
        },
        {
          "type": "image",
          "assetId": "FeK09iUlvIu7ej",
          "checksum": "7d3970f6b38aa2ca8439efedfc5c4dd2"
        },
        {
          "type": "image",
          "assetId": "HC8ZACCKcSpDce",
          "checksum": "2f2e33f162572bb4278b6effe2d7da45"
        },
        {
          "type": "image",
          "assetId": "xn6CEUG-d-R9D7",
          "checksum": "4f434d4880f7174107a5d139538fde43"
        },
        {
          "type": "image",
          "assetId": "TVWYZA1nkH23lJ",
          "checksum": "50280b2245a37a34ac19b999c38d0184"
        },
        {
          "type": "image",
          "assetId": "D2lo9TN68FHmDR",
          "checksum": "ad0bbc6314c452ef75b7525f7635fdca"
        },
        {
          "type": "image",
          "assetId": "CCTVVmKD12pRkG",
          "checksum": "596cb99998c01279886d5a071120af92"
        },
        {
          "type": "image",
          "assetId": "gYqzhmgdxkMWns",
          "checksum": "3f7f11127abb962047fa8239067caa40"
        },
        {
          "type": "image",
          "assetId": "J9w4Q6SGC5QqQh",
          "checksum": "fcb952c4a034948642e1db80977bac5b"
        },
        {
          "type": "image",
          "assetId": "kn0STVw12PIAfk",
          "checksum": "f086da2bfa9dc0fa1acaddcaf232431c"
        },
        {
          "type": "image",
          "assetId": "mLikPouCo1ks50",
          "checksum": "dd53b5c426b142af809b4790117b9a3c"
        },
        {
          "type": "image",
          "assetId": "ODM3goloIsunvX",
          "checksum": "035f55351bc438fe09fb3f6ee56faea7"
        },
        {
          "type": "image",
          "assetId": "koJ0DogQbeaum6",
          "checksum": "00dcd5483f7053ef4450d01d7a0c53ca"
        },
        {
          "type": "image",
          "assetId": "GxG7vfxN7GHhbS",
          "checksum": "bbe6306833a580b3c04d4f6fa641138d"
        },
        {
          "type": "image",
          "assetId": "1VgKdsULV7IMiR",
          "checksum": "3620b8fb8875acae53fb3e1cc6105fb9"
        },
        {
          "type": "image",
          "assetId": "NM8O3mC7TGL1yq",
          "checksum": "7c1d7ec38dec6bc8df61ebf3526a5e01"
        },
        {
          "type": "image",
          "assetId": "Gp6Q6h428XBtCf",
          "checksum": "9767f71137a332cc56f7b426d3926808"
        },
        {
          "type": "image",
          "assetId": "xEWG63-F8_-Iem",
          "checksum": "d09f8fb10675f18dc50741039d4e1c80"
        },
        {
          "type": "image",
          "assetId": "jyliZdvpxziK0V",
          "checksum": "fbeab4abfabc6eb0f7688c5e0ec8f44f"
        },
        {
          "type": "image",
          "assetId": "wOA8pNvRlGzl64",
          "checksum": "54702387652db45ac082d57a092d151a"
        },
        {
          "type": "image",
          "assetId": "3SoriI65Ild4Uh",
          "checksum": "665aae6f2436bed56bd7aba0657969df"
        },
        {
          "type": "image",
          "assetId": "KcT1it6YTgj8t1",
          "checksum": "7a5d65b49b3db9ef37f0adf2f85392ef"
        },
        {
          "type": "image",
          "assetId": "e0UGXrKkNwaMRG",
          "checksum": "049b360938cf05b33ae294104a27ed12"
        },
        {
          "type": "image",
          "assetId": "NJmGPfYvcG2bPg",
          "checksum": "75528a02a5d8c3075cecdc674db2877e"
        },
        {
          "type": "image",
          "assetId": "IP6-iFAdkTanPc",
          "checksum": "b208f5cdb101c50455ba59431f6f105a"
        },
        {
          "type": "image",
          "assetId": "KwNU9EMUmdH6QL",
          "checksum": "83f72876c6432d4f4b70ca213bbd7428"
        },
        {
          "assetId": "ewmXQJz5QcseZaj8LdYn4d",
          "type": "projectCss",
          "checksum": "e3f321d50377b7ce39578a353eb86941"
        }
      ],
      "codegenVersion": "0.0.1"
    }
  ],
  "cliVersion": "0.1.221"
}
